
Microsoft Visual Studio Solution File, Format Version 12.00
# Visual Studio Version 17
VisualStudioVersion = 17.2.32505.173
MinimumVisualStudioVersion = 10.0.40219.1
Project("{9A19103F-16F7-4668-BE54-9A1E7A4F7556}") = "ContactWebEFCore6", "ContactWebEFCore6\ContactWebEFCore6.csproj", "{1830D788-341D-498C-8EA5-71BC1CDD9A5B}"
EndProject
Project("{9A19103F-16F7-4668-BE54-9A1E7A4F7556}") = "ContactWebModels", "ContactWebModels\ContactWebModels.csproj", "{2F919DCA-BA35-4E30-96BD-D8BB8527496F}"
EndProject
Project("{9A19103F-16F7-4668-BE54-9A1E7A4F7556}") = "MyContactManagerData", "MyContactManagerData\MyContactManagerData.csproj", "{5B4319E6-25B1-4749-9BC9-D9C28CC30D64}"
EndProject
Project("{FAE04EC0-301F-11D3-BF4B-00C04F79EFBC}") = "MyContactManagerRepositories", "MyContactManagerRepositories\MyContactManagerRepositories.csproj", "{062CE9E7-9A81-4E12-8E2E-8DC7CF9D1E6B}"
EndProject
Project("{FAE04EC0-301F-11D3-BF4B-00C04F79EFBC}") = "MyContactManagerServices", "MyContactManagerServices\MyContactManagerServices.csproj", "{EDBB8AE8-6472-4DCD-9653-18FE1C17514E}"
EndProject
Global
	GlobalSection(SolutionConfigurationPlatforms) = preSolution
		Debug|Any CPU = Debug|Any CPU
		Release|Any CPU = Release|Any CPU
	EndGlobalSection
	GlobalSection(ProjectConfigurationPlatforms) = postSolution
		{1830D788-341D-498C-8EA5-71BC1CDD9A5B}.Debug|Any CPU.ActiveCfg = Debug|Any CPU
		{1830D788-341D-498C-8EA5-71BC1CDD9A5B}.Debug|Any CPU.Build.0 = Debug|Any CPU
		{1830D788-341D-498C-8EA5-71BC1CDD9A5B}.Release|Any CPU.ActiveCfg = Release|Any CPU
		{1830D788-341D-498C-8EA5-71BC1CDD9A5B}.Release|Any CPU.Build.0 = Release|Any CPU
		{2F919DCA-BA35-4E30-96BD-D8BB8527496F}.Debug|Any CPU.ActiveCfg = Debug|Any CPU
		{2F919DCA-BA35-4E30-96BD-D8BB8527496F}.Debug|Any CPU.Build.0 = Debug|Any CPU
		{2F919DCA-BA35-4E30-96BD-D8BB8527496F}.Release|Any CPU.ActiveCfg = Release|Any CPU
		{2F919DCA-BA35-4E30-96BD-D8BB8527496F}.Release|Any CPU.Build.0 = Release|Any CPU
		{5B4319E6-25B1-4749-9BC9-D9C28CC30D64}.Debug|Any CPU.ActiveCfg = Debug|Any CPU
		{5B4319E6-25B1-4749-9BC9-D9C28CC30D64}.Debug|Any CPU.Build.0 = Debug|Any CPU
		{5B4319E6-25B1-4749-9BC9-D9C28CC30D64}.Release|Any CPU.ActiveCfg = Release|Any CPU
		{5B4319E6-25B1-4749-9BC9-D9C28CC30D64}.Release|Any CPU.Build.0 = Release|Any CPU
		{062CE9E7-9A81-4E12-8E2E-8DC7CF9D1E6B}.Debug|Any CPU.ActiveCfg = Debug|Any CPU
		{062CE9E7-9A81-4E12-8E2E-8DC7CF9D1E6B}.Debug|Any CPU.Build.0 = Debug|Any CPU
		{062CE9E7-9A81-4E12-8E2E-8DC7CF9D1E6B}.Release|Any CPU.ActiveCfg = Release|Any CPU
		{062CE9E7-9A81-4E12-8E2E-8DC7CF9D1E6B}.Release|Any CPU.Build.0 = Release|Any CPU
		{EDBB8AE8-6472-4DCD-9653-18FE1C17514E}.Debug|Any CPU.ActiveCfg = Debug|Any CPU
		{EDBB8AE8-6472-4DCD-9653-18FE1C17514E}.Debug|Any CPU.Build.0 = Debug|Any CPU
		{EDBB8AE8-6472-4DCD-9653-18FE1C17514E}.Release|Any CPU.ActiveCfg = Release|Any CPU
		{EDBB8AE8-6472-4DCD-9653-18FE1C17514E}.Release|Any CPU.Build.0 = Release|Any CPU
	EndGlobalSection
	GlobalSection(SolutionProperties) = preSolution
		HideSolutionNode = FALSE
	EndGlobalSection
	GlobalSection(ExtensibilityGlobals) = postSolution
		SolutionGuid = {0580B88F-1686-4DB0-AA6C-5A0EC19E9D2F}
	EndGlobalSection
EndGlobal
